{
  "nodes": {
    "nixpkgs": {
      "locked": {
        "lastModified": 1750776420,
        "narHash": "sha256-/CG+w0o0oJ5itVklOoLbdn2dGB0wbZVOoDm4np6w09A=",
        "owner": "NixOS",
        "repo": "nixpkgs",
        "rev": "30a61f056ac492e3b7cdcb69c1e6abdcf00e39cf",
        "type": "github"
      },
      "original": {
        "owner": "NixOS",
        "ref": "refs/heads/nixos-unstable",
        "repo": "nixpkgs",
        "type": "github"
      }
    },
    "nixpkgs-python39": {
      "locked": {
        "lastModified": 1744500401,
        "narHash": "sha256-hUbxeaKKHRfagNwtIfBI4XjqQPM497fJp2p2+UfNuVU=",
        "owner": "NixOS",
        "repo": "nixpkgs",
        "rev": "1076d576f5e8916f240d094a3c381d3e121800ba",
        "type": "github"
      },
      "original": {
        "owner": "NixOS",
        "repo": "nixpkgs",
        "rev": "1076d576f5e8916f240d094a3c381d3e121800ba",
        "type": "github"
      }
    },
    "root": {
      "inputs": {
        "nixpkgs": "nixpkgs",
        "nixpkgs-python39": "nixpkgs-python39"
      }
    }
  },
  "root": "root",
  "version": 7
}
